
Microsoft Visual Studio Solution File, Format Version 12.00
# Visual Studio 15
VisualStudioVersion = 15.0.28307.2092
MinimumVisualStudioVersion = 10.0.40219.1
Project("{FAE04EC0-301F-11D3-BF4B-00C04F79EFBC}") = "CNPMHoa", "CNPMHoa\CNPMHoa.csproj", "{FF2CA358-349E-45D2-8AF4-0453F6253A02}"
EndProject
Project("{54435603-DBB4-11D2-8724-00A0C9A8B90C}") = "SetupHoa", "SetupHoa\SetupHoa.vdproj", "{D0ED053C-B490-4276-983B-03B1D68ADC63}"
EndProject
Global
	GlobalSection(SolutionConfigurationPlatforms) = preSolution
		Debug|Any CPU = Debug|Any CPU
		Release|Any CPU = Release|Any CPU
	EndGlobalSection
	GlobalSection(ProjectConfigurationPlatforms) = postSolution
		{FF2CA358-349E-45D2-8AF4-0453F6253A02}.Debug|Any CPU.ActiveCfg = Debug|Any CPU
		{FF2CA358-349E-45D2-8AF4-0453F6253A02}.Debug|Any CPU.Build.0 = Debug|Any CPU
		{FF2CA358-349E-45D2-8AF4-0453F6253A02}.Release|Any CPU.ActiveCfg = Release|Any CPU
		{FF2CA358-349E-45D2-8AF4-0453F6253A02}.Release|Any CPU.Build.0 = Release|Any CPU
		{D0ED053C-B490-4276-983B-03B1D68ADC63}.Debug|Any CPU.ActiveCfg = Debug
		{D0ED053C-B490-4276-983B-03B1D68ADC63}.Release|Any CPU.ActiveCfg = Release
	EndGlobalSection
	GlobalSection(SolutionProperties) = preSolution
		HideSolutionNode = FALSE
	EndGlobalSection
	GlobalSection(ExtensibilityGlobals) = postSolution
		SolutionGuid = {2B301DE2-74E4-46C2-B63A-E8BDD2A6C9B9}
	EndGlobalSection
EndGlobal
